
Microsoft Visual Studio Solution File, Format Version 12.00
# Visual Studio Version 16
VisualStudioVersion = 16.0.34407.143
MinimumVisualStudioVersion = 10.0.40219.1
Project("{FAE04EC0-301F-11D3-BF4B-00C04F79EFBC}") = "GuessingGame", "GuessingGame\GuessingGame.csproj", "{45D1144D-9E99-4355-A478-B6D6EB132C39}"
EndProject
Global
	GlobalSection(SolutionConfigurationPlatforms) = preSolution
		Debug|Any CPU = Debug|Any CPU
		Release|Any CPU = Release|Any CPU
	EndGlobalSection
	GlobalSection(ProjectConfigurationPlatforms) = postSolution
		{45D1144D-9E99-4355-A478-B6D6EB132C39}.Debug|Any CPU.ActiveCfg = Debug|Any CPU
		{45D1144D-9E99-4355-A478-B6D6EB132C39}.Debug|Any CPU.Build.0 = Debug|Any CPU
		{45D1144D-9E99-4355-A478-B6D6EB132C39}.Release|Any CPU.ActiveCfg = Release|Any CPU
		{45D1144D-9E99-4355-A478-B6D6EB132C39}.Release|Any CPU.Build.0 = Release|Any CPU
	EndGlobalSection
	GlobalSection(SolutionProperties) = preSolution
		HideSolutionNode = FALSE
	EndGlobalSection
	GlobalSection(ExtensibilityGlobals) = postSolution
		SolutionGuid = {35376641-5012-45AF-8722-5E67C50AC95F}
	EndGlobalSection
EndGlobal
